schema: '2.0'
stages:
  train:
    cmd: "python src/models/train.py --ticker ITUB4.SA --start 2025-04-01 --end 2026-04-30
      --janela 90 --epochs 40 --batch 32 --data-path data/raw/stock_data.csv --keras\n"
    deps:
    - path: data/raw/stock_data.csv
      hash: md5
      md5: 94a2af7394e7b111623b2f0bf5cf2471
      size: 23755
    - path: pyproject.toml
      hash: md5
      md5: d08226a3850c513722f1e8cfd68022fe
      size: 1584
    - path: src/models/train.py
      hash: md5
      md5: 9e0155cd259ed7d79509e95c1ab79528
      size: 10878
    params:
      params.yaml:
        baseline.modelo_keras: models/modelo_ITUB4.SA.keras
        baseline.modelo_pytorch: models/modelo_ITUB4.SA_pytorch.pth
        baseline.modelo_sklearn: models/modelo_ITUB4.SA_sklearn.joblib
        data.output: data/raw/stock_data.csv
        train:
          ticker: ITUB4.SA
          start: '2025-04-01'
          end: '2026-04-30'
          janela: 90
          epochs: 40
          batch: 32
          data_path: data/raw/stock_data.csv
    outs:
    - path: mlflow/mlflow.db
      hash: md5
      md5: 2bb11c21998edd9864580e636dc3137a
      size: 663552
    - path: models/modelo_ITUB4.SA.keras
      hash: md5
      md5: 548e85970cf5d469406762d730e90610
      size: 404486
    - path: models/modelo_ITUB4.SA_pytorch.pth
      hash: md5
      md5: 60b7da670af7f148a114b4e2c468f57d
      size: 35029
    - path: models/modelo_ITUB4.SA_sklearn.joblib
      hash: md5
      md5: 164e2e0c6bfde57a4853b812acb70ae4
      size: 262156
  baseline:
    cmd: "python src/models/baseline.py --ticker ITUB4.SA --start 2025-04-01 --end
      2026-04-30 --janela 90 --modelo-pytorch models/modelo_ITUB4.SA_pytorch.pth --modelo-sklearn
      models/modelo_ITUB4.SA_sklearn.joblib --modelo models/modelo_ITUB4.SA.keras
      --keras --data-path data/raw/stock_data.csv\n"
    deps:
    - path: data/raw/stock_data.csv
      hash: md5
      md5: 94a2af7394e7b111623b2f0bf5cf2471
      size: 23755
    - path: models/modelo_ITUB4.SA.keras
      hash: md5
      md5: 548e85970cf5d469406762d730e90610
      size: 404486
    - path: models/modelo_ITUB4.SA_pytorch.pth
      hash: md5
      md5: 60b7da670af7f148a114b4e2c468f57d
      size: 35029
    - path: models/modelo_ITUB4.SA_sklearn.joblib
      hash: md5
      md5: 164e2e0c6bfde57a4853b812acb70ae4
      size: 262156
    - path: pyproject.toml
      hash: md5
      md5: d08226a3850c513722f1e8cfd68022fe
      size: 1584
    - path: src/models/baseline.py
      hash: md5
      md5: 07826e5b1b7738a32909860ba5d25b95
      size: 7641
    params:
      params.yaml:
        baseline:
          ticker: ITUB4.SA
          start: '2025-04-01'
          end: '2026-04-30'
          modelo_pytorch: models/modelo_ITUB4.SA_pytorch.pth
          modelo_sklearn: models/modelo_ITUB4.SA_sklearn.joblib
          modelo_keras: models/modelo_ITUB4.SA.keras
          data_path: data/raw/stock_data.csv
        data.output: data/raw/stock_data.csv
        train.janela: 90
    outs:
    - path: reports/metrics.json
      hash: md5
      md5: e7098b976424698df3e47beebd6a0e90
      size: 296
    - path: reports/metrics_comparison.csv
      hash: md5
      md5: 5f1a3a81b35d41f938c3c5426537407d
      size: 123
  ingest:
    cmd: "python data/ingest.py --ticker ITUB4.SA --start 2025-04-01 --end 2026-04-30
      --output data/raw/stock_data.csv\n"
    deps:
    - path: data/ingest.py
      hash: md5
      md5: 8070f858a72b4689371dae05edd3049b
      size: 830
    params:
      params.yaml:
        data:
          ticker: ITUB4.SA
          start: '2025-04-01'
          end: '2026-04-30'
          output: data/raw/stock_data.csv
    outs:
    - path: data/raw/stock_data.csv
      hash: md5
      md5: 94a2af7394e7b111623b2f0bf5cf2471
      size: 23755
